
Microsoft Visual Studio Solution File, Format Version 12.00
# Visual Studio Version 17
VisualStudioVersion = 17.10.35013.160
MinimumVisualStudioVersion = 10.0.40219.1
Project("{9A19103F-16F7-4668-BE54-9A1E7A4F7556}") = "CodeAnalysis", "CodeAnalysis\CodeAnalysis.csproj", "{1B83BEAA-48C4-46BB-A1E8-A47DA2C73510}"
EndProject
Project("{9A19103F-16F7-4668-BE54-9A1E7A4F7556}") = "CodeAnalysis.Tests", "CodeAnalysis.Tests\CodeAnalysis.Tests.csproj", "{4E31DE0F-0788-482E-B286-02F0107741F0}"
EndProject
Global
	GlobalSection(SolutionConfigurationPlatforms) = preSolution
		Debug|Any CPU = Debug|Any CPU
		Release|Any CPU = Release|Any CPU
	EndGlobalSection
	GlobalSection(ProjectConfigurationPlatforms) = postSolution
		{1B83BEAA-48C4-46BB-A1E8-A47DA2C73510}.Debug|Any CPU.ActiveCfg = Debug|Any CPU
		{1B83BEAA-48C4-46BB-A1E8-A47DA2C73510}.Debug|Any CPU.Build.0 = Debug|Any CPU
		{1B83BEAA-48C4-46BB-A1E8-A47DA2C73510}.Release|Any CPU.ActiveCfg = Release|Any CPU
		{1B83BEAA-48C4-46BB-A1E8-A47DA2C73510}.Release|Any CPU.Build.0 = Release|Any CPU
		{4E31DE0F-0788-482E-B286-02F0107741F0}.Debug|Any CPU.ActiveCfg = Debug|Any CPU
		{4E31DE0F-0788-482E-B286-02F0107741F0}.Debug|Any CPU.Build.0 = Debug|Any CPU
		{4E31DE0F-0788-482E-B286-02F0107741F0}.Release|Any CPU.ActiveCfg = Release|Any CPU
		{4E31DE0F-0788-482E-B286-02F0107741F0}.Release|Any CPU.Build.0 = Release|Any CPU
	EndGlobalSection
	GlobalSection(SolutionProperties) = preSolution
		HideSolutionNode = FALSE
	EndGlobalSection
	GlobalSection(ExtensibilityGlobals) = postSolution
		SolutionGuid = {AD95FFB4-7DB3-4466-9A50-03AE218C8696}
	EndGlobalSection
EndGlobal
